
Microsoft Visual Studio Solution File, Format Version 12.00
# Visual Studio Version 17
VisualStudioVersion = 17.4.33213.308
MinimumVisualStudioVersion = 10.0.40219.1
Project("{FAE04EC0-301F-11D3-BF4B-00C04F79EFBC}") = "mod7", "mod7\mod7.csproj", "{8A728D4B-6730-4285-89E7-C888F5669C16}"
EndProject
Global
	GlobalSection(SolutionConfigurationPlatforms) = preSolution
		Debug|Any CPU = Debug|Any CPU
		Release|Any CPU = Release|Any CPU
	EndGlobalSection
	GlobalSection(ProjectConfigurationPlatforms) = postSolution
		{8A728D4B-6730-4285-89E7-C888F5669C16}.Debug|Any CPU.ActiveCfg = Debug|Any CPU
		{8A728D4B-6730-4285-89E7-C888F5669C16}.Debug|Any CPU.Build.0 = Debug|Any CPU
		{8A728D4B-6730-4285-89E7-C888F5669C16}.Release|Any CPU.ActiveCfg = Release|Any CPU
		{8A728D4B-6730-4285-89E7-C888F5669C16}.Release|Any CPU.Build.0 = Release|Any CPU
	EndGlobalSection
	GlobalSection(SolutionProperties) = preSolution
		HideSolutionNode = FALSE
	EndGlobalSection
	GlobalSection(ExtensibilityGlobals) = postSolution
		SolutionGuid = {D4393E12-2279-4D05-A55E-8D7B3A17EF19}
	EndGlobalSection
EndGlobal
